{
	"name": "jcash",
	"version": "1.0.3",
	"lockfileVersion": 1,
	"requires": true,
	"dependencies": {
		"commander": {
			"version": "2.14.1",
			"resolved": "https://registry.npmjs.org/commander/-/commander-2.14.1.tgz",
			"integrity": "sha512-+YR16o3rK53SmWHU3rEM3tPAh2rwb1yPcQX5irVn7mb0gXbwuCCrnkbV5+PBfETdfg1vui07nM6PCG1zndcjQw=="
		},
		"diff": {
			"version": "1.0.8",
			"resolved": "https://registry.npmjs.org/diff/-/diff-1.0.8.tgz",
			"integrity": "sha1-NDJ2MI7Jkbe8giZ+1VvBQR+XFmY="
		},
		"eyes": {
			"version": "0.1.8",
			"resolved": "https://registry.npmjs.org/eyes/-/eyes-0.1.8.tgz",
			"integrity": "sha1-Ys8SAjTGg3hdkCNIqADvPgzCC8A="
		},
		"funk": {
			"version": "1.5.1",
			"resolved": "https://registry.npmjs.org/funk/-/funk-1.5.1.tgz",
			"integrity": "sha1-5oKNzqE0zQh3NeptClK/5u05W/M="
		},
		"glob": {
			"version": "4.0.6",
			"resolved": "https://registry.npmjs.org/glob/-/glob-4.0.6.tgz",
			"integrity": "sha1-aVxQvdTi+1xdNwsJHziNNwfikac=",
			"requires": {
				"graceful-fs": "3.0.11",
				"inherits": "2.0.3",
				"minimatch": "1.0.0",
				"once": "1.4.0"
			}
		},
		"graceful-fs": {
			"version": "3.0.11",
			"resolved": "https://registry.npmjs.org/graceful-fs/-/graceful-fs-3.0.11.tgz",
			"integrity": "sha1-dhPHeKGv6mLyXGMKCG1/Osu92Bg=",
			"requires": {
				"natives": "1.1.1"
			}
		},
		"inherits": {
			"version": "2.0.3",
			"resolved": "https://registry.npmjs.org/inherits/-/inherits-2.0.3.tgz",
			"integrity": "sha1-Yzwsg+PaQqUC9SRmAiSA9CCCYd4="
		},
		"lru-cache": {
			"version": "2.7.3",
			"resolved": "https://registry.npmjs.org/lru-cache/-/lru-cache-2.7.3.tgz",
			"integrity": "sha1-bUUk6LlV+V1PW1iFHOId1y+06VI="
		},
		"minimatch": {
			"version": "1.0.0",
			"resolved": "https://registry.npmjs.org/minimatch/-/minimatch-1.0.0.tgz",
			"integrity": "sha1-4N0hILSeG3JM6NcUxSCCKpQ4V20=",
			"requires": {
				"lru-cache": "2.7.3",
				"sigmund": "1.0.1"
			}
		},
		"natives": {
			"version": "1.1.1",
			"resolved": "https://registry.npmjs.org/natives/-/natives-1.1.1.tgz",
			"integrity": "sha512-8eRaxn8u/4wN8tGkhlc2cgwwvOLMLUMUn4IYTexMgWd+LyUDfeXVkk2ygQR0hvIHbJQXgHujia3ieUUDwNGkEA=="
		},
		"once": {
			"version": "1.4.0",
			"resolved": "https://registry.npmjs.org/once/-/once-1.4.0.tgz",
			"integrity": "sha1-WDsap3WWHUsROsF9nFC6753Xa9E=",
			"requires": {
				"wrappy": "1.0.2"
			}
		},
		"sigmund": {
			"version": "1.0.1",
			"resolved": "https://registry.npmjs.org/sigmund/-/sigmund-1.0.1.tgz",
			"integrity": "sha1-P/IfGYytIXX587eBhT/ZTQ0ZtZA="
		},
		"source-map": {
			"version": "0.6.1",
			"resolved": "https://registry.npmjs.org/source-map/-/source-map-0.6.1.tgz",
			"integrity": "sha512-UjgapumWlbMhkBgzT7Ykc5YXUT46F0iKu8SGXq0bcwP5dz/h0Plj6enJqjz1Zbq2l5WaqYnrVbwWOWMyF3F47g=="
		},
		"sqwish": {
			"version": "0.2.2",
			"resolved": "https://registry.npmjs.org/sqwish/-/sqwish-0.2.2.tgz",
			"integrity": "sha1-AP4maBBPEii1u37nOe9gEhu8sFc="
		},
		"uglify-js": {
			"version": "3.3.11",
			"resolved": "https://registry.npmjs.org/uglify-js/-/uglify-js-3.3.11.tgz",
			"integrity": "sha512-AKLsYcdV+sS5eAE4NtVXF6f2u/DCQynQm0jTGxF261+Vltu1dYNuHzjqDmk11gInj+H/zJIM2EAwXG3MzPb3VA==",
			"requires": {
				"commander": "2.14.1",
				"source-map": "0.6.1"
			}
		},
		"underscore": {
			"version": "1.8.3",
			"resolved": "https://registry.npmjs.org/underscore/-/underscore-1.8.3.tgz",
			"integrity": "sha1-Tz+1OxBuYJf8+ctBCfKl6b36UCI="
		},
		"vows": {
			"version": "0.8.1",
			"resolved": "https://registry.npmjs.org/vows/-/vows-0.8.1.tgz",
			"integrity": "sha1-4J6YjOWUygWgjXKrzKNOiNtVkTE=",
			"requires": {
				"diff": "1.0.8",
				"eyes": "0.1.8",
				"glob": "4.0.6"
			}
		},
		"wrappy": {
			"version": "1.0.2",
			"resolved": "https://registry.npmjs.org/wrappy/-/wrappy-1.0.2.tgz",
			"integrity": "sha1-tSQ9jz7BqjXxNkYFvA0QNuMKtp8="
		}
	}
}
